// !$*UTF8*$!
{
	archiveVersion = 1;
	classes = {
	};
	objectVersion = 55;
	objects = {

/* Begin PBXBuildFile section */
		39D2821C26FFD36A00EEE202 /* AppDelegate.swift in Sources */ = {isa = PBXBuildFile; fileRef = 39D2821B26FFD36A00EEE202 /* AppDelegate.swift */; };
		39D2821E26FFD36A00EEE202 /* SceneDelegate.swift in Sources */ = {isa = PBXBuildFile; fileRef = 39D2821D26FFD36A00EEE202 /* SceneDelegate.swift */; };
		39D2822026FFD36A00EEE202 /* ViewController.swift in Sources */ = {isa = PBXBuildFile; fileRef = 39D2821F26FFD36A00EEE202 /* ViewController.swift */; };
		39D2822326FFD36A00EEE202 /* Main.storyboard in Resources */ = {isa = PBXBuildFile; fileRef = 39D2822126FFD36A00EEE202 /* Main.storyboard */; };
		39D2822526FFD36B00EEE202 /* Assets.xcassets in Resources */ = {isa = PBXBuildFile; fileRef = 39D2822426FFD36B00EEE202 /* Assets.xcassets */; };
		39D2822826FFD36B00EEE202 /* LaunchScreen.storyboard in Resources */ = {isa = PBXBuildFile; fileRef = 39D2822626FFD36B00EEE202 /* LaunchScreen.storyboard */; };
		39D2823326FFD36B00EEE202 /* MVCPersonTests.swift in Sources */ = {isa = PBXBuildFile; fileRef = 39D2823226FFD36B00EEE202 /* MVCPersonTests.swift */; };
		39D2823D26FFD36B00EEE202 /* MVCPersonUITests.swift in Sources */ = {isa = PBXBuildFile; fileRef = 39D2823C26FFD36B00EEE202 /* MVCPersonUITests.swift */; };
		39D2823F26FFD36B00EEE202 /* MVCPersonUITestsLaunchTests.swift in Sources */ = {isa = PBXBuildFile; fileRef = 39D2823E26FFD36B00EEE202 /* MVCPersonUITestsLaunchTests.swift */; };
/* End PBXBuildFile section */

/* Begin PBXContainerItemProxy section */
		39D2822F26FFD36B00EEE202 /* PBXContainerItemProxy */ = {
			isa = PBXContainerItemProxy;
			containerPortal = 39D2821026FFD36A00EEE202 /* Project object */;
			proxyType = 1;
			remoteGlobalIDString = 39D2821726FFD36A00EEE202;
			remoteInfo = MVCPerson;
		};
		39D2823926FFD36B00EEE202 /* PBXContainerItemProxy */ = {
			isa = PBXContainerItemProxy;
			containerPortal = 39D2821026FFD36A00EEE202 /* Project object */;
			proxyType = 1;
			remoteGlobalIDString = 39D2821726FFD36A00EEE202;
			remoteInfo = MVCPerson;
		};
/* End PBXContainerItemProxy section */

/* Begin PBXFileReference section */
		39D2821826FFD36A00EEE202 /* MVCPerson.app */ = {isa = PBXFileReference; explicitFileType = wrapper.application; includeInIndex = 0; path = MVCPerson.app; sourceTree = BUILT_PRODUCTS_DIR; };
		39D2821B26FFD36A00EEE202 /* AppDelegate.swift */ = {isa = PBXFileReference; lastKnownFileType = sourcecode.swift; path = AppDelegate.swift; sourceTree = "<group>"; };
		39D2821D26FFD36A00EEE202 /* SceneDelegate.swift */ = {isa = PBXFileReference; lastKnownFileType = sourcecode.swift; path = SceneDelegate.swift; sourceTree = "<group>"; };
		39D2821F26FFD36A00EEE202 /* ViewController.swift */ = {isa = PBXFileReference; lastKnownFileType = sourcecode.swift; path = ViewController.swift; sourceTree = "<group>"; };
		39D2822226FFD36A00EEE202 /* Base */ = {isa = PBXFileReference; lastKnownFileType = file.storyboard; name = Base; path = Base.lproj/Main.storyboard; sourceTree = "<group>"; };
		39D2822426FFD36B00EEE202 /* Assets.xcassets */ = {isa = PBXFileReference; lastKnownFileType = folder.assetcatalog; path = Assets.xcassets; sourceTree = "<group>"; };
		39D2822726FFD36B00EEE202 /* Base */ = {isa = PBXFileReference; lastKnownFileType = file.storyboard; name = Base; path = Base.lproj/LaunchScreen.storyboard; sourceTree = "<group>"; };
		39D2822926FFD36B00EEE202 /* Info.plist */ = {isa = PBXFileReference; lastKnownFileType = text.plist.xml; path = Info.plist; sourceTree = "<group>"; };
		39D2822E26FFD36B00EEE202 /* MVCPersonTests.xctest */ = {isa = PBXFileReference; explicitFileType = wrapper.cfbundle; includeInIndex = 0; path = MVCPersonTests.xctest; sourceTree = BUILT_PRODUCTS_DIR; };
		39D2823226FFD36B00EEE202 /* MVCPersonTests.swift */ = {isa = PBXFileReference; lastKnownFileType = sourcecode.swift; path = MVCPersonTests.swift; sourceTree = "<group>"; };
		39D2823826FFD36B00EEE202 /* MVCPersonUITests.xctest */ = {isa = PBXFileReference; explicitFileType = wrapper.cfbundle; includeInIndex = 0; path = MVCPersonUITests.xctest; sourceTree = BUILT_PRODUCTS_DIR; };
		39D2823C26FFD36B00EEE202 /* MVCPersonUITests.swift */ = {isa = PBXFileReference; lastKnownFileType = sourcecode.swift; path = MVCPersonUITests.swift; sourceTree = "<group>"; };
		39D2823E26FFD36B00EEE202 /* MVCPersonUITestsLaunchTests.swift */ = {isa = PBXFileReference; lastKnownFileType = sourcecode.swift; path = MVCPersonUITestsLaunchTests.swift; sourceTree = "<group>"; };
/* End PBXFileReference section */

/* Begin PBXFrameworksBuildPhase section */
		39D2821526FFD36A00EEE202 /* Frameworks */ = {
			isa = PBXFrameworksBuildPhase;
			buildActionMask = 2147483647;
			files = (
			);
			runOnlyForDeploymentPostprocessing = 0;
		};
		39D2822B26FFD36B00EEE202 /* Frameworks */ = {
			isa = PBXFrameworksBuildPhase;
			buildActionMask = 2147483647;
			files = (
			);
			runOnlyForDeploymentPostprocessing = 0;
		};
		39D2823526FFD36B00EEE202 /* Frameworks */ = {
			isa = PBXFrameworksBuildPhase;
			buildActionMask = 2147483647;
			files = (
			);
			runOnlyForDeploymentPostprocessing = 0;
		};
/* End PBXFrameworksBuildPhase section */

/* Begin PBXGroup section */
		39D2820F26FFD36A00EEE202 = {
			isa = PBXGroup;
			children = (
				39D2821A26FFD36A00EEE202 /* MVCPerson */,
				39D2823126FFD36B00EEE202 /* MVCPersonTests */,
				39D2823B26FFD36B00EEE202 /* MVCPersonUITests */,
				39D2821926FFD36A00EEE202 /* Products */,
			);
			sourceTree = "<group>";
		};
		39D2821926FFD36A00EEE202 /* Products */ = {
			isa = PBXGroup;
			children = (
				39D2821826FFD36A00EEE202 /* MVCPerson.app */,
				39D2822E26FFD36B00EEE202 /* MVCPersonTests.xctest */,
				39D2823826FFD36B00EEE202 /* MVCPersonUITests.xctest */,
			);
			name = Products;
			sourceTree = "<group>";
		};
		39D2821A26FFD36A00EEE202 /* MVCPerson */ = {
			isa = PBXGroup;
			children = (
				39D2821B26FFD36A00EEE202 /* AppDelegate.swift */,
				39D2821D26FFD36A00EEE202 /* SceneDelegate.swift */,
				39D2821F26FFD36A00EEE202 /* ViewController.swift */,
				39D2822126FFD36A00EEE202 /* Main.storyboard */,
				39D2822426FFD36B00EEE202 /* Assets.xcassets */,
				39D2822626FFD36B00EEE202 /* LaunchScreen.storyboard */,
				39D2822926FFD36B00EEE202 /* Info.plist */,
			);
			path = MVCPerson;
			sourceTree = "<group>";
		};
		39D2823126FFD36B00EEE202 /* MVCPersonTests */ = {
			isa = PBXGroup;
			children = (
				39D2823226FFD36B00EEE202 /* MVCPersonTests.swift */,
			);
			path = MVCPersonTests;
			sourceTree = "<group>";
		};
		39D2823B26FFD36B00EEE202 /* MVCPersonUITests */ = {
			isa = PBXGroup;
			children = (
				39D2823C26FFD36B00EEE202 /* MVCPersonUITests.swift */,
				39D2823E26FFD36B00EEE202 /* MVCPersonUITestsLaunchTests.swift */,
			);
			path = MVCPersonUITests;
			sourceTree = "<group>";
		};
/* End PBXGroup section */

/* Begin PBXNativeTarget section */
		39D2821726FFD36A00EEE202 /* MVCPerson */ = {
			isa = PBXNativeTarget;
			buildConfigurationList = 39D2824226FFD36B00EEE202 /* Build configuration list for PBXNativeTarget "MVCPerson" */;
			buildPhases = (
				39D2821426FFD36A00EEE202 /* Sources */,
				39D2821526FFD36A00EEE202 /* Frameworks */,
				39D2821626FFD36A00EEE202 /* Resources */,
			);
			buildRules = (
			);
			dependencies = (
			);
			name = MVCPerson;
			productName = MVCPerson;
			productReference = 39D2821826FFD36A00EEE202 /* MVCPerson.app */;
			productType = "com.apple.product-type.application";
		};
		39D2822D26FFD36B00EEE202 /* MVCPersonTests */ = {
			isa = PBXNativeTarget;
			buildConfigurationList = 39D2824526FFD36B00EEE202 /* Build configuration list for PBXNativeTarget "MVCPersonTests" */;
			buildPhases = (
				39D2822A26FFD36B00EEE202 /* Sources */,
				39D2822B26FFD36B00EEE202 /* Frameworks */,
				39D2822C26FFD36B00EEE202 /* Resources */,
			);
			buildRules = (
			);
			dependencies = (
				39D2823026FFD36B00EEE202 /* PBXTargetDependency */,
			);
			name = MVCPersonTests;
			productName = MVCPersonTests;
			productReference = 39D2822E26FFD36B00EEE202 /* MVCPersonTests.xctest */;
			productType = "com.apple.product-type.bundle.unit-test";
		};
		39D2823726FFD36B00EEE202 /* MVCPersonUITests */ = {
			isa = PBXNativeTarget;
			buildConfigurationList = 39D2824826FFD36B00EEE202 /* Build configuration list for PBXNativeTarget "MVCPersonUITests" */;
			buildPhases = (
				39D2823426FFD36B00EEE202 /* Sources */,
				39D2823526FFD36B00EEE202 /* Frameworks */,
				39D2823626FFD36B00EEE202 /* Resources */,
			);
			buildRules = (
			);
			dependencies = (
				39D2823A26FFD36B00EEE202 /* PBXTargetDependency */,
			);
			name = MVCPersonUITests;
			productName = MVCPersonUITests;
			productReference = 39D2823826FFD36B00EEE202 /* MVCPersonUITests.xctest */;
			productType = "com.apple.product-type.bundle.ui-testing";
		};
/* End PBXNativeTarget section */

/* Begin PBXProject section */
		39D2821026FFD36A00EEE202 /* Project object */ = {
			isa = PBXProject;
			attributes = {
				BuildIndependentTargetsInParallel = 1;
				LastSwiftUpdateCheck = 1300;
				LastUpgradeCheck = 1300;
				TargetAttributes = {
					39D2821726FFD36A00EEE202 = {
						CreatedOnToolsVersion = 13.0;
					};
					39D2822D26FFD36B00EEE202 = {
						CreatedOnToolsVersion = 13.0;
						TestTargetID = 39D2821726FFD36A00EEE202;
					};
					39D2823726FFD36B00EEE202 = {
						CreatedOnToolsVersion = 13.0;
						TestTargetID = 39D2821726FFD36A00EEE202;
					};
				};
			};
			buildConfigurationList = 39D2821326FFD36A00EEE202 /* Build configuration list for PBXProject "MVCPerson" */;
			compatibilityVersion = "Xcode 13.0";
			developmentRegion = en;
			hasScannedForEncodings = 0;
			knownRegions = (
				en,
				Base,
			);
			mainGroup = 39D2820F26FFD36A00EEE202;
			productRefGroup = 39D2821926FFD36A00EEE202 /* Products */;
			projectDirPath = "";
			projectRoot = "";
			targets = (
				39D2821726FFD36A00EEE202 /* MVCPerson */,
				39D2822D26FFD36B00EEE202 /* MVCPersonTests */,
				39D2823726FFD36B00EEE202 /* MVCPersonUITests */,
			);
		};
/* End PBXProject section */

/* Begin PBXResourcesBuildPhase section */
		39D2821626FFD36A00EEE202 /* Resources */ = {
			isa = PBXResourcesBuildPhase;
			buildActionMask = 2147483647;
			files = (
				39D2822826FFD36B00EEE202 /* LaunchScreen.storyboard in Resources */,
				39D2822526FFD36B00EEE202 /* Assets.xcassets in Resources */,
				39D2822326FFD36A00EEE202 /* Main.storyboard in Resources */,
			);
			runOnlyForDeploymentPostprocessing = 0;
		};
		39D2822C26FFD36B00EEE202 /* Resources */ = {
			isa = PBXResourcesBuildPhase;
			buildActionMask = 2147483647;
			files = (
			);
			runOnlyForDeploymentPostprocessing = 0;
		};
		39D2823626FFD36B00EEE202 /* Resources */ = {
			isa = PBXResourcesBuildPhase;
			buildActionMask = 2147483647;
			files = (
			);
			runOnlyForDeploymentPostprocessing = 0;
		};
/* End PBXResourcesBuildPhase section */

/* Begin PBXSourcesBuildPhase section */
		39D2821426FFD36A00EEE202 /* Sources */ = {
			isa = PBXSourcesBuildPhase;
			buildActionMask = 2147483647;
			files = (
				39D2822026FFD36A00EEE202 /* ViewController.swift in Sources */,
				39D2821C26FFD36A00EEE202 /* AppDelegate.swift in Sources */,
				39D2821E26FFD36A00EEE202 /* SceneDelegate.swift in Sources */,
			);
			runOnlyForDeploymentPostprocessing = 0;
		};
		39D2822A26FFD36B00EEE202 /* Sources */ = {
			isa = PBXSourcesBuildPhase;
			buildActionMask = 2147483647;
			files = (
				39D2823326FFD36B00EEE202 /* MVCPersonTests.swift in Sources */,
			);
			runOnlyForDeploymentPostprocessing = 0;
		};
		39D2823426FFD36B00EEE202 /* Sources */ = {
			isa = PBXSourcesBuildPhase;
			buildActionMask = 2147483647;
			files = (
				39D2823F26FFD36B00EEE202 /* MVCPersonUITestsLaunchTests.swift in Sources */,
				39D2823D26FFD36B00EEE202 /* MVCPersonUITests.swift in Sources */,
			);
			runOnlyForDeploymentPostprocessing = 0;
		};
/* End PBXSourcesBuildPhase section */

/* Begin PBXTargetDependency section */
		39D2823026FFD36B00EEE202 /* PBXTargetDependency */ = {
			isa = PBXTargetDependency;
			target = 39D2821726FFD36A00EEE202 /* MVCPerson */;
			targetProxy = 39D2822F26FFD36B00EEE202 /* PBXContainerItemProxy */;
		};
		39D2823A26FFD36B00EEE202 /* PBXTargetDependency */ = {
			isa = PBXTargetDependency;
			target = 39D2821726FFD36A00EEE202 /* MVCPerson */;
			targetProxy = 39D2823926FFD36B00EEE202 /* PBXContainerItemProxy */;
		};
/* End PBXTargetDependency section */

/* Begin PBXVariantGroup section */
		39D2822126FFD36A00EEE202 /* Main.storyboard */ = {
			isa = PBXVariantGroup;
			children = (
				39D2822226FFD36A00EEE202 /* Base */,
			);
			name = Main.storyboard;
			sourceTree = "<group>";
		};
		39D2822626FFD36B00EEE202 /* LaunchScreen.storyboard */ = {
			isa = PBXVariantGroup;
			children = (
				39D2822726FFD36B00EEE202 /* Base */,
			);
			name = LaunchScreen.storyboard;
			sourceTree = "<group>";
		};
/* End PBXVariantGroup section */

/* Begin XCBuildConfiguration section */
		39D2824026FFD36B00EEE202 /* Debug */ = {
			isa = XCBuildConfiguration;
			buildSettings = {
				ALWAYS_SEARCH_USER_PATHS = NO;
				CLANG_ANALYZER_NONNULL = YES;
				CLANG_ANALYZER_NUMBER_OBJECT_CONVERSION = YES_AGGRESSIVE;
				CLANG_CXX_LANGUAGE_STANDARD = "gnu++17";
				CLANG_CXX_LIBRARY = "libc++";
				CLANG_ENABLE_MODULES = YES;
				CLANG_ENABLE_OBJC_ARC = YES;
				CLANG_ENABLE_OBJC_WEAK = YES;
				CLANG_WARN_BLOCK_CAPTURE_AUTORELEASING = YES;
				CLANG_WARN_BOOL_CONVERSION = YES;
				CLANG_WARN_COMMA = YES;
				CLANG_WARN_CONSTANT_CONVERSION = YES;
				CLANG_WARN_DEPRECATED_OBJC_IMPLEMENTATIONS = YES;
				CLANG_WARN_DIRECT_OBJC_ISA_USAGE = YES_ERROR;
				CLANG_WARN_DOCUMENTATION_COMMENTS = YES;
				CLANG_WARN_EMPTY_BODY = YES;
				CLANG_WARN_ENUM_CONVERSION = YES;
				CLANG_WARN_INFINITE_RECURSION = YES;
				CLANG_WARN_INT_CONVERSION = YES;
				CLANG_WARN_NON_LITERAL_NULL_CONVERSION = YES;
				CLANG_WARN_OBJC_IMPLICIT_RETAIN_SELF = YES;
				CLANG_WARN_OBJC_LITERAL_CONVERSION = YES;
				CLANG_WARN_OBJC_ROOT_CLASS = YES_ERROR;
				CLANG_WARN_QUOTED_INCLUDE_IN_FRAMEWORK_HEADER = YES;
				CLANG_WARN_RANGE_LOOP_ANALYSIS = YES;
				CLANG_WARN_STRICT_PROTOTYPES = YES;
				CLANG_WARN_SUSPICIOUS_MOVE = YES;
				CLANG_WARN_UNGUARDED_AVAILABILITY = YES_AGGRESSIVE;
				CLANG_WARN_UNREACHABLE_CODE = YES;
				CLANG_WARN__DUPLICATE_METHOD_MATCH = YES;
				COPY_PHASE_STRIP = NO;
				DEBUG_INFORMATION_FORMAT = dwarf;
				ENABLE_STRICT_OBJC_MSGSEND = YES;
				ENABLE_TESTABILITY = YES;
				GCC_C_LANGUAGE_STANDARD = gnu11;
				GCC_DYNAMIC_NO_PIC = NO;
				GCC_NO_COMMON_BLOCKS = YES;
				GCC_OPTIMIZATION_LEVEL = 0;
				GCC_PREPROCESSOR_DEFINITIONS = (
					"DEBUG=1",
					"$(inherited)",
				);
				GCC_WARN_64_TO_32_BIT_CONVERSION = YES;
				GCC_WARN_ABOUT_RETURN_TYPE = YES_ERROR;
				GCC_WARN_UNDECLARED_SELECTOR = YES;
				GCC_WARN_UNINITIALIZED_AUTOS = YES_AGGRESSIVE;
				GCC_WARN_UNUSED_FUNCTION = YES;
				GCC_WARN_UNUSED_VARIABLE = YES;
				IPHONEOS_DEPLOYMENT_TARGET = 15.0;
				MTL_ENABLE_DEBUG_INFO = INCLUDE_SOURCE;
				MTL_FAST_MATH = YES;
				ONLY_ACTIVE_ARCH = YES;
				SDKROOT = iphoneos;
				SWIFT_ACTIVE_COMPILATION_CONDITIONS = DEBUG;
				SWIFT_OPTIMIZATION_LEVEL = "-Onone";
			};
			name = Debug;
		};
		39D2824126FFD36B00EEE202 /* Release */ = {
			isa = XCBuildConfiguration;
			buildSettings = {
				ALWAYS_SEARCH_USER_PATHS = NO;
				CLANG_ANALYZER_NONNULL = YES;
				CLANG_ANALYZER_NUMBER_OBJECT_CONVERSION = YES_AGGRESSIVE;
				CLANG_CXX_LANGUAGE_STANDARD = "gnu++17";
				CLANG_CXX_LIBRARY = "libc++";
				CLANG_ENABLE_MODULES = YES;
				CLANG_ENABLE_OBJC_ARC = YES;
				CLANG_ENABLE_OBJC_WEAK = YES;
				CLANG_WARN_BLOCK_CAPTURE_AUTORELEASING = YES;
				CLANG_WARN_BOOL_CONVERSION = YES;
				CLANG_WARN_COMMA = YES;
				CLANG_WARN_CONSTANT_CONVERSION = YES;
				CLANG_WARN_DEPRECATED_OBJC_IMPLEMENTATIONS = YES;
				CLANG_WARN_DIRECT_OBJC_ISA_USAGE = YES_ERROR;
				CLANG_WARN_DOCUMENTATION_COMMENTS = YES;
				CLANG_WARN_EMPTY_BODY = YES;
				CLANG_WARN_ENUM_CONVERSION = YES;
				CLANG_WARN_INFINITE_RECURSION = YES;
				CLANG_WARN_INT_CONVERSION = YES;
				CLANG_WARN_NON_LITERAL_NULL_CONVERSION = YES;
				CLANG_WARN_OBJC_IMPLICIT_RETAIN_SELF = YES;
				CLANG_WARN_OBJC_LITERAL_CONVERSION = YES;
				CLANG_WARN_OBJC_ROOT_CLASS = YES_ERROR;
				CLANG_WARN_QUOTED_INCLUDE_IN_FRAMEWORK_HEADER = YES;
				CLANG_WARN_RANGE_LOOP_ANALYSIS = YES;
				CLANG_WARN_STRICT_PROTOTYPES = YES;
				CLANG_WARN_SUSPICIOUS_MOVE = YES;
				CLANG_WARN_UNGUARDED_AVAILABILITY = YES_AGGRESSIVE;
				CLANG_WARN_UNREACHABLE_CODE = YES;
				CLANG_WARN__DUPLICATE_METHOD_MATCH = YES;
				COPY_PHASE_STRIP = NO;
				DEBUG_INFORMATION_FORMAT = "dwarf-with-dsym";
				ENABLE_NS_ASSERTIONS = NO;
				ENABLE_STRICT_OBJC_MSGSEND = YES;
				GCC_C_LANGUAGE_STANDARD = gnu11;
				GCC_NO_COMMON_BLOCKS = YES;
				GCC_WARN_64_TO_32_BIT_CONVERSION = YES;
				GCC_WARN_ABOUT_RETURN_TYPE = YES_ERROR;
				GCC_WARN_UNDECLARED_SELECTOR = YES;
				GCC_WARN_UNINITIALIZED_AUTOS = YES_AGGRESSIVE;
				GCC_WARN_UNUSED_FUNCTION = YES;
				GCC_WARN_UNUSED_VARIABLE = YES;
				IPHONEOS_DEPLOYMENT_TARGET = 15.0;
				MTL_ENABLE_DEBUG_INFO = NO;
				MTL_FAST_MATH = YES;
				SDKROOT = iphoneos;
				SWIFT_COMPILATION_MODE = wholemodule;
				SWIFT_OPTIMIZATION_LEVEL = "-O";
				VALIDATE_PRODUCT = YES;
			};
			name = Release;
		};
		39D2824326FFD36B00EEE202 /* Debug */ = {
			isa = XCBuildConfiguration;
			buildSettings = {
				ASSETCATALOG_COMPILER_APPICON_NAME = AppIcon;
				ASSETCATALOG_COMPILER_GLOBAL_ACCENT_COLOR_NAME = AccentColor;
				CODE_SIGN_STYLE = Automatic;
				CURRENT_PROJECT_VERSION = 1;
				DEVELOPMENT_TEAM = 8VP7C93QX7;
				GENERATE_INFOPLIST_FILE = YES;
				INFOPLIST_FILE = MVCPerson/Info.plist;
				INFOPLIST_KEY_UIApplicationSupportsIndirectInputEvents = YES;
				INFOPLIST_KEY_UILaunchStoryboardName = LaunchScreen;
				INFOPLIST_KEY_UIMainStoryboardFile = Main;
				INFOPLIST_KEY_UISupportedInterfaceOrientations_iPad = "UIInterfaceOrientationPortrait UIInterfaceOrientationPortraitUpsideDown UIInterfaceOrientationLandscapeLeft UIInterfaceOrientationLandscapeRight";
				INFOPLIST_KEY_UISupportedInterfaceOrientations_iPhone = "UIInterfaceOrientationPortrait UIInterfaceOrientationLandscapeLeft UIInterfaceOrientationLandscapeRight";
				LD_RUNPATH_SEARCH_PATHS = (
					"$(inherited)",
					"@executable_path/Frameworks",
				);
				MARKETING_VERSION = 1.0;
				PRODUCT_BUNDLE_IDENTIFIER = com.fernandobelen.MVCPerson;
				PRODUCT_NAME = "$(TARGET_NAME)";
				SWIFT_EMIT_LOC_STRINGS = YES;
				SWIFT_VERSION = 5.0;
				TARGETED_DEVICE_FAMILY = "1,2";
			};
			name = Debug;
		};
		39D2824426FFD36B00EEE202 /* Release */ = {
			isa = XCBuildConfiguration;
			buildSettings = {
				ASSETCATALOG_COMPILER_APPICON_NAME = AppIcon;
				ASSETCATALOG_COMPILER_GLOBAL_ACCENT_COLOR_NAME = AccentColor;
				CODE_SIGN_STYLE = Automatic;
				CURRENT_PROJECT_VERSION = 1;
				DEVELOPMENT_TEAM = 8VP7C93QX7;
				GENERATE_INFOPLIST_FILE = YES;
				INFOPLIST_FILE = MVCPerson/Info.plist;
				INFOPLIST_KEY_UIApplicationSupportsIndirectInputEvents = YES;
				INFOPLIST_KEY_UILaunchStoryboardName = LaunchScreen;
				INFOPLIST_KEY_UIMainStoryboardFile = Main;
				INFOPLIST_KEY_UISupportedInterfaceOrientations_iPad = "UIInterfaceOrientationPortrait UIInterfaceOrientationPortraitUpsideDown UIInterfaceOrientationLandscapeLeft UIInterfaceOrientationLandscapeRight";
				INFOPLIST_KEY_UISupportedInterfaceOrientations_iPhone = "UIInterfaceOrientationPortrait UIInterfaceOrientationLandscapeLeft UIInterfaceOrientationLandscapeRight";
				LD_RUNPATH_SEARCH_PATHS = (
					"$(inherited)",
					"@executable_path/Frameworks",
				);
				MARKETING_VERSION = 1.0;
				PRODUCT_BUNDLE_IDENTIFIER = com.fernandobelen.MVCPerson;
				PRODUCT_NAME = "$(TARGET_NAME)";
				SWIFT_EMIT_LOC_STRINGS = YES;
				SWIFT_VERSION = 5.0;
				TARGETED_DEVICE_FAMILY = "1,2";
			};
			name = Release;
		};
		39D2824626FFD36B00EEE202 /* Debug */ = {
			isa = XCBuildConfiguration;
			buildSettings = {
				ALWAYS_EMBED_SWIFT_STANDARD_LIBRARIES = YES;
				BUNDLE_LOADER = "$(TEST_HOST)";
				CODE_SIGN_STYLE = Automatic;
				CURRENT_PROJECT_VERSION = 1;
				DEVELOPMENT_TEAM = 8VP7C93QX7;
				GENERATE_INFOPLIST_FILE = YES;
				IPHONEOS_DEPLOYMENT_TARGET = 15.0;
				LD_RUNPATH_SEARCH_PATHS = (
					"$(inherited)",
					"@executable_path/Frameworks",
					"@loader_path/Frameworks",
				);
				MARKETING_VERSION = 1.0;
				PRODUCT_BUNDLE_IDENTIFIER = com.fernandobelen.MVCPersonTests;
				PRODUCT_NAME = "$(TARGET_NAME)";
				SWIFT_EMIT_LOC_STRINGS = NO;
				SWIFT_VERSION = 5.0;
				TARGETED_DEVICE_FAMILY = "1,2";
				TEST_HOST = "$(BUILT_PRODUCTS_DIR)/MVCPerson.app/MVCPerson";
			};
			name = Debug;
		};
		39D2824726FFD36B00EEE202 /* Release */ = {
			isa = XCBuildConfiguration;
			buildSettings = {
				ALWAYS_EMBED_SWIFT_STANDARD_LIBRARIES = YES;
				BUNDLE_LOADER = "$(TEST_HOST)";
				CODE_SIGN_STYLE = Automatic;
				CURRENT_PROJECT_VERSION = 1;
				DEVELOPMENT_TEAM = 8VP7C93QX7;
				GENERATE_INFOPLIST_FILE = YES;
				IPHONEOS_DEPLOYMENT_TARGET = 15.0;
				LD_RUNPATH_SEARCH_PATHS = (
					"$(inherited)",
					"@executable_path/Frameworks",
					"@loader_path/Frameworks",
				);
				MARKETING_VERSION = 1.0;
				PRODUCT_BUNDLE_IDENTIFIER = com.fernandobelen.MVCPersonTests;
				PRODUCT_NAME = "$(TARGET_NAME)";
				SWIFT_EMIT_LOC_STRINGS = NO;
				SWIFT_VERSION = 5.0;
				TARGETED_DEVICE_FAMILY = "1,2";
				TEST_HOST = "$(BUILT_PRODUCTS_DIR)/MVCPerson.app/MVCPerson";
			};
			name = Release;
		};
		39D2824926FFD36B00EEE202 /* Debug */ = {
			isa = XCBuildConfiguration;
			buildSettings = {
				ALWAYS_EMBED_SWIFT_STANDARD_LIBRARIES = YES;
				CODE_SIGN_STYLE = Automatic;
				CURRENT_PROJECT_VERSION = 1;
				DEVELOPMENT_TEAM = 8VP7C93QX7;
				GENERATE_INFOPLIST_FILE = YES;
				LD_RUNPATH_SEARCH_PATHS = (
					"$(inherited)",
					"@executable_path/Frameworks",
					"@loader_path/Frameworks",
				);
				MARKETING_VERSION = 1.0;
				PRODUCT_BUNDLE_IDENTIFIER = com.fernandobelen.MVCPersonUITests;
				PRODUCT_NAME = "$(TARGET_NAME)";
				SWIFT_EMIT_LOC_STRINGS = NO;
				SWIFT_VERSION = 5.0;
				TARGETED_DEVICE_FAMILY = "1,2";
				TEST_TARGET_NAME = MVCPerson;
			};
			name = Debug;
		};
		39D2824A26FFD36B00EEE202 /* Release */ = {
			isa = XCBuildConfiguration;
			buildSettings = {
				ALWAYS_EMBED_SWIFT_STANDARD_LIBRARIES = YES;
				CODE_SIGN_STYLE = Automatic;
				CURRENT_PROJECT_VERSION = 1;
				DEVELOPMENT_TEAM = 8VP7C93QX7;
				GENERATE_INFOPLIST_FILE = YES;
				LD_RUNPATH_SEARCH_PATHS = (
					"$(inherited)",
					"@executable_path/Frameworks",
					"@loader_path/Frameworks",
				);
				MARKETING_VERSION = 1.0;
				PRODUCT_BUNDLE_IDENTIFIER = com.fernandobelen.MVCPersonUITests;
				PRODUCT_NAME = "$(TARGET_NAME)";
				SWIFT_EMIT_LOC_STRINGS = NO;
				SWIFT_VERSION = 5.0;
				TARGETED_DEVICE_FAMILY = "1,2";
				TEST_TARGET_NAME = MVCPerson;
			};
			name = Release;
		};
/* End XCBuildConfiguration section */

/* Begin XCConfigurationList section */
		39D2821326FFD36A00EEE202 /* Build configuration list for PBXProject "MVCPerson" */ = {
			isa = XCConfigurationList;
			buildConfigurations = (
				39D2824026FFD36B00EEE202 /* Debug */,
				39D2824126FFD36B00EEE202 /* Release */,
			);
			defaultConfigurationIsVisible = 0;
			defaultConfigurationName = Release;
		};
		39D2824226FFD36B00EEE202 /* Build configuration list for PBXNativeTarget "MVCPerson" */ = {
			isa = XCConfigurationList;
			buildConfigurations = (
				39D2824326FFD36B00EEE202 /* Debug */,
				39D2824426FFD36B00EEE202 /* Release */,
			);
			defaultConfigurationIsVisible = 0;
			defaultConfigurationName = Release;
		};
		39D2824526FFD36B00EEE202 /* Build configuration list for PBXNativeTarget "MVCPersonTests" */ = {
			isa = XCConfigurationList;
			buildConfigurations = (
				39D2824626FFD36B00EEE202 /* Debug */,
				39D2824726FFD36B00EEE202 /* Release */,
			);
			defaultConfigurationIsVisible = 0;
			defaultConfigurationName = Release;
		};
		39D2824826FFD36B00EEE202 /* Build configuration list for PBXNativeTarget "MVCPersonUITests" */ = {
			isa = XCConfigurationList;
			buildConfigurations = (
				39D2824926FFD36B00EEE202 /* Debug */,
				39D2824A26FFD36B00EEE202 /* Release */,
			);
			defaultConfigurationIsVisible = 0;
			defaultConfigurationName = Release;
		};
/* End XCConfigurationList section */
	};
	rootObject = 39D2821026FFD36A00EEE202 /* Project object */;
}
